PODS:
  - KeychainSwift (16.0.1)
  - Sparkle (1.21.3)

DEPENDENCIES:
  - KeychainSwift
  - Sparkle

SPEC REPOS:
  https://github.com/CocoaPods/Specs.git:
    - KeychainSwift
    - Sparkle

SPEC CHECKSUMS:
  KeychainSwift: 4209611373ca4a098e09b1e547eebd87c544dcc4
  Sparkle: 3f75576db8b0265adef36c43249d747f22d0b708

PODFILE CHECKSUM: af98bd35a81ed6b782c3600a75e59070aabde134

COCOAPODS: 1.8.0.beta.1
